{
  "nodes": {
    "aaronwolen-pandoc-letter": {
      "flake": false,
      "locked": {
        "lastModified": 1597167010,
        "narHash": "sha256-6GTTncMvoMjEXdqzdtc/LYsZOzBMcrh2vlQBWpLeyKA=",
        "owner": "aaronwolen",
        "repo": "pandoc-letter",
        "rev": "b0fd7342b352ebb87aea17614ec014f68d48747f",
        "type": "github"
      },
      "original": {
        "owner": "aaronwolen",
        "repo": "pandoc-letter",
        "type": "github"
      }
    },
    "flake-utils": {
      "locked": {
        "lastModified": 1667395993,
        "narHash": "sha256-nuEHfE/LcWyuSWnS8t12N1wc105Qtau+/OdUAjtQ0rA=",
        "owner": "numtide",
        "repo": "flake-utils",
        "rev": "5aed5285a952e0b949eb3ba02c12fa4fcfef535f",
        "type": "github"
      },
      "original": {
        "owner": "numtide",
        "repo": "flake-utils",
        "type": "github"
      }
    },
    "flake-utils_2": {
      "locked": {
        "lastModified": 1667395993,
        "narHash": "sha256-nuEHfE/LcWyuSWnS8t12N1wc105Qtau+/OdUAjtQ0rA=",
        "owner": "numtide",
        "repo": "flake-utils",
        "rev": "5aed5285a952e0b949eb3ba02c12fa4fcfef535f",
        "type": "github"
      },
      "original": {
        "owner": "numtide",
        "repo": "flake-utils",
        "type": "github"
      }
    },
    "latex-letter": {
      "inputs": {
        "aaronwolen-pandoc-letter": "aaronwolen-pandoc-letter",
        "flake-utils": "flake-utils_2",
        "nixpkgs": "nixpkgs"
      },
      "locked": {
        "lastModified": 1670956654,
        "narHash": "sha256-yB8UP4Q4by0UuvpeequBmWiGVTBE6Ti/UstlJVzT/yY=",
        "owner": "drupol",
        "repo": "latex-letter",
        "rev": "bfbf7253e280aa3931ca3ed02aba968d8a135e45",
        "type": "github"
      },
      "original": {
        "owner": "drupol",
        "repo": "latex-letter",
        "type": "github"
      }
    },
    "nix-filter": {
      "locked": {
        "lastModified": 1666547822,
        "narHash": "sha256-razwnAybPHyoAyhkKCwXdxihIqJi1G6e1XP4FQOJTEs=",
        "owner": "numtide",
        "repo": "nix-filter",
        "rev": "1a3b735e13e90a8d2fd5629f2f8363bd7ffbbec7",
        "type": "github"
      },
      "original": {
        "owner": "numtide",
        "repo": "nix-filter",
        "type": "github"
      }
    },
    "nixpkgs": {
      "locked": {
        "lastModified": 1670681895,
        "narHash": "sha256-kZH9DSU36W4fn1z81a/24JCGkU517TcY50VE0RFJ9k4=",
        "owner": "NixOS",
        "repo": "nixpkgs",
        "rev": "f82f0ec1b70b2879c3f3d9a1015a05c73a90a17c",
        "type": "github"
      },
      "original": {
        "owner": "NixOS",
        "ref": "nixpkgs-unstable",
        "repo": "nixpkgs",
        "type": "github"
      }
    },
    "nixpkgs_2": {
      "locked": {
        "lastModified": 1670857275,
        "narHash": "sha256-dUA+BywwnOdoZ8wiU6pHh0cXpzbxUDRGbqtvN8QQqJM=",
        "owner": "NixOS",
        "repo": "nixpkgs",
        "rev": "01c02c84d3f1536c695a2ec3ddb66b8a21be152b",
        "type": "github"
      },
      "original": {
        "owner": "NixOS",
        "ref": "nixpkgs-unstable",
        "repo": "nixpkgs",
        "type": "github"
      }
    },
    "root": {
      "inputs": {
        "flake-utils": "flake-utils",
        "latex-letter": "latex-letter",
        "nix-filter": "nix-filter",
        "nixpkgs": "nixpkgs_2"
      }
    }
  },
  "root": "root",
  "version": 7
}
