{
  "nodes": {
    "aaronwolen-pandoc-letter": {
      "flake": false,
      "locked": {
        "lastModified": 1597167010,
        "narHash": "sha256-6GTTncMvoMjEXdqzdtc/LYsZOzBMcrh2vlQBWpLeyKA=",
        "owner": "aaronwolen",
        "repo": "pandoc-letter",
        "rev": "b0fd7342b352ebb87aea17614ec014f68d48747f",
        "type": "github"
      },
      "original": {
        "owner": "aaronwolen",
        "repo": "pandoc-letter",
        "type": "github"
      }
    },
    "flake-utils": {
      "locked": {
        "lastModified": 1667395993,
        "narHash": "sha256-nuEHfE/LcWyuSWnS8t12N1wc105Qtau+/OdUAjtQ0rA=",
        "owner": "numtide",
        "repo": "flake-utils",
        "rev": "5aed5285a952e0b949eb3ba02c12fa4fcfef535f",
        "type": "github"
      },
      "original": {
        "owner": "numtide",
        "repo": "flake-utils",
        "type": "github"
      }
    },
    "nix-filter": {
      "locked": {
        "lastModified": 1666547822,
        "narHash": "sha256-razwnAybPHyoAyhkKCwXdxihIqJi1G6e1XP4FQOJTEs=",
        "owner": "numtide",
        "repo": "nix-filter",
        "rev": "1a3b735e13e90a8d2fd5629f2f8363bd7ffbbec7",
        "type": "github"
      },
      "original": {
        "owner": "numtide",
        "repo": "nix-filter",
        "type": "github"
      }
    },
    "nixpkgs": {
      "locked": {
        "lastModified": 1669750745,
        "narHash": "sha256-C9ZNizmMiuML40Imt79rCoiMt1O4aM6TCg/ME1Uu/Q8=",
        "owner": "NixOS",
        "repo": "nixpkgs",
        "rev": "19a6b85e8f8daca80e38418e96247cc499e2640e",
        "type": "github"
      },
      "original": {
        "owner": "NixOS",
        "ref": "nixpkgs-unstable",
        "repo": "nixpkgs",
        "type": "github"
      }
    },
    "root": {
      "inputs": {
        "aaronwolen-pandoc-letter": "aaronwolen-pandoc-letter",
        "flake-utils": "flake-utils",
        "nix-filter": "nix-filter",
        "nixpkgs": "nixpkgs"
      }
    }
  },
  "root": "root",
  "version": 7
}
